
Microsoft Visual Studio Solution File, Format Version 12.00
# Visual Studio 15
VisualStudioVersion = 15.0.27004.2002
MinimumVisualStudioVersion = 10.0.40219.1
Project("{FAE04EC0-301F-11D3-BF4B-00C04F79EFBC}") = "WindowsFormsApp1", "WindowsFormsApp1\WindowsFormsApp1.csproj", "{AF4845F8-564A-49F4-BE9F-C72152BE3701}"
EndProject
Global
	GlobalSection(SolutionConfigurationPlatforms) = preSolution
		Debug|Any CPU = Debug|Any CPU
		Release|Any CPU = Release|Any CPU
	EndGlobalSection
	GlobalSection(ProjectConfigurationPlatforms) = postSolution
		{AF4845F8-564A-49F4-BE9F-C72152BE3701}.Debug|Any CPU.ActiveCfg = Debug|Any CPU
		{AF4845F8-564A-49F4-BE9F-C72152BE3701}.Debug|Any CPU.Build.0 = Debug|Any CPU
		{AF4845F8-564A-49F4-BE9F-C72152BE3701}.Release|Any CPU.ActiveCfg = Release|Any CPU
		{AF4845F8-564A-49F4-BE9F-C72152BE3701}.Release|Any CPU.Build.0 = Release|Any CPU
	EndGlobalSection
	GlobalSection(SolutionProperties) = preSolution
		HideSolutionNode = FALSE
	EndGlobalSection
	GlobalSection(ExtensibilityGlobals) = postSolution
		SolutionGuid = {C5A6A887-C812-485A-9694-27FD88A42FFC}
	EndGlobalSection
EndGlobal
